
Microsoft Visual Studio Solution File, Format Version 12.00
# Visual Studio Version 16
VisualStudioVersion = 16.0.32428.217
MinimumVisualStudioVersion = 10.0.40219.1
Project("{FAE04EC0-301F-11D3-BF4B-00C04F79EFBC}") = "CRUDSQLServer", "CRUDSQLServer.csproj", "{71AC120B-0214-4587-8187-8914A9A037CA}"
EndProject
Global
	GlobalSection(SolutionConfigurationPlatforms) = preSolution
		Debug|Any CPU = Debug|Any CPU
		Release|Any CPU = Release|Any CPU
	EndGlobalSection
	GlobalSection(ProjectConfigurationPlatforms) = postSolution
		{71AC120B-0214-4587-8187-8914A9A037CA}.Debug|Any CPU.ActiveCfg = Debug|Any CPU
		{71AC120B-0214-4587-8187-8914A9A037CA}.Debug|Any CPU.Build.0 = Debug|Any CPU
		{71AC120B-0214-4587-8187-8914A9A037CA}.Release|Any CPU.ActiveCfg = Release|Any CPU
		{71AC120B-0214-4587-8187-8914A9A037CA}.Release|Any CPU.Build.0 = Release|Any CPU
	EndGlobalSection
	GlobalSection(SolutionProperties) = preSolution
		HideSolutionNode = FALSE
	EndGlobalSection
	GlobalSection(ExtensibilityGlobals) = postSolution
		SolutionGuid = {1973507D-7952-4161-81BD-0E3F53C61F9C}
	EndGlobalSection
EndGlobal
